
Microsoft Visual Studio Solution File, Format Version 10.00
# Visual Studio 2008
Project("{8BC9CEB8-8B4A-11D0-8D11-00A0C91BC942}") = "ad_sound2", "ad_sound1.vcproj", "{BE0F1817-61F9-4A49-90F2-B20DF2E7516B}"
EndProject
Global
	GlobalSection(SolutionConfigurationPlatforms) = preSolution
		Debug|Win32 = Debug|Win32
	EndGlobalSection
	GlobalSection(ProjectConfigurationPlatforms) = postSolution
		{BE0F1817-61F9-4A49-90F2-B20DF2E7516B}.Debug|Win32.ActiveCfg = Debug|Win32
		{BE0F1817-61F9-4A49-90F2-B20DF2E7516B}.Debug|Win32.Build.0 = Debug|Win32
	EndGlobalSection
	GlobalSection(SolutionProperties) = preSolution
		HideSolutionNode = FALSE
	EndGlobalSection
EndGlobal
