
Microsoft Visual Studio Solution File, Format Version 10.00
# Visual Studio 2008
Project("{8BC9CEB8-8B4A-11D0-8D11-00A0C91BC942}") = "ad_sprite1", "ad_sprite1.vcproj", "{6E6DB454-B7CE-4C11-BCA6-AEFDCC91DDED}"
EndProject
Global
	GlobalSection(SolutionConfigurationPlatforms) = preSolution
		Debug|Win32 = Debug|Win32
	EndGlobalSection
	GlobalSection(ProjectConfigurationPlatforms) = postSolution
		{6E6DB454-B7CE-4C11-BCA6-AEFDCC91DDED}.Debug|Win32.ActiveCfg = Debug|Win32
		{6E6DB454-B7CE-4C11-BCA6-AEFDCC91DDED}.Debug|Win32.Build.0 = Debug|Win32
	EndGlobalSection
	GlobalSection(SolutionProperties) = preSolution
		HideSolutionNode = FALSE
	EndGlobalSection
EndGlobal
